
Microsoft Visual Studio Solution File, Format Version 12.00
# Visual Studio Version 16
VisualStudioVersion = 16.0.29806.167
MinimumVisualStudioVersion = 10.0.40219.1
Project("{9A19103F-16F7-4668-BE54-9A1E7A4F7556}") = "AWG.api", "AWG.api\AWG.api.csproj", "{0528EFFB-2526-42D2-966A-B07E452D9BC6}"
EndProject
Project("{9A19103F-16F7-4668-BE54-9A1E7A4F7556}") = "AWG.Common", "AWG.Common\AWG.Common.csproj", "{80A6D0CB-880D-4D75-A77D-906AE4C8114E}"
EndProject
Project("{9A19103F-16F7-4668-BE54-9A1E7A4F7556}") = "AWG.FIWARE.Serializers", "DataModels\AWG.FIWARE.Serializers\AWG.FIWARE.Serializers.csproj", "{7CF97B0D-14E6-4A3C-A619-481E00650942}"
EndProject
Project("{9A19103F-16F7-4668-BE54-9A1E7A4F7556}") = "AWG.FIWARE.DataModels", "DataModels\AWG.FIWARE.DataModels\AWG.FIWARE.DataModels.csproj", "{0C291B54-0C63-4BF4-A932-A9DC20256201}"
EndProject
Project("{9A19103F-16F7-4668-BE54-9A1E7A4F7556}") = "AWG.Measures.core", "Modules\Measures\AWG.Measures.core\AWG.Measures.core.csproj", "{9589132B-7037-467D-88BC-12EDB6D26FC8}"
EndProject
Project("{2150E333-8FDC-42A3-9474-1A3956D46DE8}") = "DataModels", "DataModels", "{057734F6-21F2-4066-A067-987CBA7855EB}"
EndProject
Project("{2150E333-8FDC-42A3-9474-1A3956D46DE8}") = "Modules", "Modules", "{61393956-7560-4B3E-9568-8983C1B10031}"
EndProject
Project("{2150E333-8FDC-42A3-9474-1A3956D46DE8}") = "Measures", "Measures", "{FD2D0EF0-ED25-4355-A001-3FBD2D74B6CF}"
EndProject
Project("{9A19103F-16F7-4668-BE54-9A1E7A4F7556}") = "AWG.Measures.api", "Modules\Measures\AWG.Measures.api\AWG.Measures.api.csproj", "{111A2487-D8FA-47C3-B380-4C0DC617C341}"
EndProject
Project("{9A19103F-16F7-4668-BE54-9A1E7A4F7556}") = "AWG.Measures.handlers", "Modules\Measures\AWG.Measures.handlers\AWG.Measures.handlers.csproj", "{393CD401-3438-4D50-A73F-4EBF1E57096A}"
EndProject
Project("{9A19103F-16F7-4668-BE54-9A1E7A4F7556}") = "AWG.Stations.core", "Modules\Stations\AWG.Stations.core\AWG.Stations.core.csproj", "{B69F5179-DAB5-40C5-B967-C095BE5CF04F}"
EndProject
Project("{2150E333-8FDC-42A3-9474-1A3956D46DE8}") = "Stations", "Stations", "{FFCAD421-F42B-4870-92D6-909EF9BC8D4F}"
EndProject
Project("{9A19103F-16F7-4668-BE54-9A1E7A4F7556}") = "AWG.Stations.api", "Modules\Stations\AWG.Stations.api\AWG.Stations.api.csproj", "{75D3DFDC-8847-46B4-AF60-A664FFCB8C1E}"
EndProject
Project("{9A19103F-16F7-4668-BE54-9A1E7A4F7556}") = "AWG.Stations.handlers", "Modules\Stations\AWG.Stations.handlers\AWG.Stations.handlers.csproj", "{E257BF32-00FE-4D1B-BCDE-F2868A914CE1}"
EndProject
Global
	GlobalSection(SolutionConfigurationPlatforms) = preSolution
		Debug|Any CPU = Debug|Any CPU
		Release|Any CPU = Release|Any CPU
	EndGlobalSection
	GlobalSection(ProjectConfigurationPlatforms) = postSolution
		{0528EFFB-2526-42D2-966A-B07E452D9BC6}.Debug|Any CPU.ActiveCfg = Debug|Any CPU
		{0528EFFB-2526-42D2-966A-B07E452D9BC6}.Debug|Any CPU.Build.0 = Debug|Any CPU
		{0528EFFB-2526-42D2-966A-B07E452D9BC6}.Release|Any CPU.ActiveCfg = Release|Any CPU
		{0528EFFB-2526-42D2-966A-B07E452D9BC6}.Release|Any CPU.Build.0 = Release|Any CPU
		{80A6D0CB-880D-4D75-A77D-906AE4C8114E}.Debug|Any CPU.ActiveCfg = Debug|Any CPU
		{80A6D0CB-880D-4D75-A77D-906AE4C8114E}.Debug|Any CPU.Build.0 = Debug|Any CPU
		{80A6D0CB-880D-4D75-A77D-906AE4C8114E}.Release|Any CPU.ActiveCfg = Release|Any CPU
		{80A6D0CB-880D-4D75-A77D-906AE4C8114E}.Release|Any CPU.Build.0 = Release|Any CPU
		{7CF97B0D-14E6-4A3C-A619-481E00650942}.Debug|Any CPU.ActiveCfg = Debug|Any CPU
		{7CF97B0D-14E6-4A3C-A619-481E00650942}.Debug|Any CPU.Build.0 = Debug|Any CPU
		{7CF97B0D-14E6-4A3C-A619-481E00650942}.Release|Any CPU.ActiveCfg = Release|Any CPU
		{7CF97B0D-14E6-4A3C-A619-481E00650942}.Release|Any CPU.Build.0 = Release|Any CPU
		{0C291B54-0C63-4BF4-A932-A9DC20256201}.Debug|Any CPU.ActiveCfg = Debug|Any CPU
		{0C291B54-0C63-4BF4-A932-A9DC20256201}.Debug|Any CPU.Build.0 = Debug|Any CPU
		{0C291B54-0C63-4BF4-A932-A9DC20256201}.Release|Any CPU.ActiveCfg = Release|Any CPU
		{0C291B54-0C63-4BF4-A932-A9DC20256201}.Release|Any CPU.Build.0 = Release|Any CPU
		{9589132B-7037-467D-88BC-12EDB6D26FC8}.Debug|Any CPU.ActiveCfg = Debug|Any CPU
		{9589132B-7037-467D-88BC-12EDB6D26FC8}.Debug|Any CPU.Build.0 = Debug|Any CPU
		{9589132B-7037-467D-88BC-12EDB6D26FC8}.Release|Any CPU.ActiveCfg = Release|Any CPU
		{9589132B-7037-467D-88BC-12EDB6D26FC8}.Release|Any CPU.Build.0 = Release|Any CPU
		{111A2487-D8FA-47C3-B380-4C0DC617C341}.Debug|Any CPU.ActiveCfg = Debug|Any CPU
		{111A2487-D8FA-47C3-B380-4C0DC617C341}.Debug|Any CPU.Build.0 = Debug|Any CPU
		{111A2487-D8FA-47C3-B380-4C0DC617C341}.Release|Any CPU.ActiveCfg = Release|Any CPU
		{111A2487-D8FA-47C3-B380-4C0DC617C341}.Release|Any CPU.Build.0 = Release|Any CPU
		{393CD401-3438-4D50-A73F-4EBF1E57096A}.Debug|Any CPU.ActiveCfg = Debug|Any CPU
		{393CD401-3438-4D50-A73F-4EBF1E57096A}.Debug|Any CPU.Build.0 = Debug|Any CPU
		{393CD401-3438-4D50-A73F-4EBF1E57096A}.Release|Any CPU.ActiveCfg = Release|Any CPU
		{393CD401-3438-4D50-A73F-4EBF1E57096A}.Release|Any CPU.Build.0 = Release|Any CPU
		{B69F5179-DAB5-40C5-B967-C095BE5CF04F}.Debug|Any CPU.ActiveCfg = Debug|Any CPU
		{B69F5179-DAB5-40C5-B967-C095BE5CF04F}.Debug|Any CPU.Build.0 = Debug|Any CPU
		{B69F5179-DAB5-40C5-B967-C095BE5CF04F}.Release|Any CPU.ActiveCfg = Release|Any CPU
		{B69F5179-DAB5-40C5-B967-C095BE5CF04F}.Release|Any CPU.Build.0 = Release|Any CPU
		{75D3DFDC-8847-46B4-AF60-A664FFCB8C1E}.Debug|Any CPU.ActiveCfg = Debug|Any CPU
		{75D3DFDC-8847-46B4-AF60-A664FFCB8C1E}.Debug|Any CPU.Build.0 = Debug|Any CPU
		{75D3DFDC-8847-46B4-AF60-A664FFCB8C1E}.Release|Any CPU.ActiveCfg = Release|Any CPU
		{75D3DFDC-8847-46B4-AF60-A664FFCB8C1E}.Release|Any CPU.Build.0 = Release|Any CPU
		{E257BF32-00FE-4D1B-BCDE-F2868A914CE1}.Debug|Any CPU.ActiveCfg = Debug|Any CPU
		{E257BF32-00FE-4D1B-BCDE-F2868A914CE1}.Debug|Any CPU.Build.0 = Debug|Any CPU
		{E257BF32-00FE-4D1B-BCDE-F2868A914CE1}.Release|Any CPU.ActiveCfg = Release|Any CPU
		{E257BF32-00FE-4D1B-BCDE-F2868A914CE1}.Release|Any CPU.Build.0 = Release|Any CPU
	EndGlobalSection
	GlobalSection(SolutionProperties) = preSolution
		HideSolutionNode = FALSE
	EndGlobalSection
	GlobalSection(NestedProjects) = preSolution
		{7CF97B0D-14E6-4A3C-A619-481E00650942} = {057734F6-21F2-4066-A067-987CBA7855EB}
		{0C291B54-0C63-4BF4-A932-A9DC20256201} = {057734F6-21F2-4066-A067-987CBA7855EB}
		{9589132B-7037-467D-88BC-12EDB6D26FC8} = {FD2D0EF0-ED25-4355-A001-3FBD2D74B6CF}
		{FD2D0EF0-ED25-4355-A001-3FBD2D74B6CF} = {61393956-7560-4B3E-9568-8983C1B10031}
		{111A2487-D8FA-47C3-B380-4C0DC617C341} = {FD2D0EF0-ED25-4355-A001-3FBD2D74B6CF}
		{393CD401-3438-4D50-A73F-4EBF1E57096A} = {FD2D0EF0-ED25-4355-A001-3FBD2D74B6CF}
		{B69F5179-DAB5-40C5-B967-C095BE5CF04F} = {FFCAD421-F42B-4870-92D6-909EF9BC8D4F}
		{FFCAD421-F42B-4870-92D6-909EF9BC8D4F} = {61393956-7560-4B3E-9568-8983C1B10031}
		{75D3DFDC-8847-46B4-AF60-A664FFCB8C1E} = {FFCAD421-F42B-4870-92D6-909EF9BC8D4F}
		{E257BF32-00FE-4D1B-BCDE-F2868A914CE1} = {FFCAD421-F42B-4870-92D6-909EF9BC8D4F}
	EndGlobalSection
	GlobalSection(ExtensibilityGlobals) = postSolution
		SolutionGuid = {9C8B6D2D-B710-4897-9984-12D6866179F3}
	EndGlobalSection
EndGlobal
